
Microsoft Visual Studio Solution File, Format Version 12.00
# Visual Studio 14
VisualStudioVersion = 14.0.25420.1
MinimumVisualStudioVersion = 10.0.40219.1
Project("{FAE04EC0-301F-11D3-BF4B-00C04F79EFBC}") = "Tharsis-2.0", "Tharsis-2.0\Tharsis-2.0.csproj", "{731D5769-B713-4677-BE24-2036DDB7864D}"
EndProject
Project("{FAE04EC0-301F-11D3-BF4B-00C04F79EFBC}") = "Equipage", "Equipage\Equipage.csproj", "{D0D7FE40-2001-48FD-B8E9-3633EB7A0E9D}"
EndProject
Project("{FAE04EC0-301F-11D3-BF4B-00C04F79EFBC}") = "Dice", "Dice\Dice.csproj", "{4751E3EC-979D-44D6-BEFE-660FDAF0A8CE}"
EndProject
Global
	GlobalSection(SolutionConfigurationPlatforms) = preSolution
		Debug|Any CPU = Debug|Any CPU
		Debug|ARM = Debug|ARM
		Debug|x64 = Debug|x64
		Debug|x86 = Debug|x86
		Release|Any CPU = Release|Any CPU
		Release|ARM = Release|ARM
		Release|x64 = Release|x64
		Release|x86 = Release|x86
	EndGlobalSection
	GlobalSection(ProjectConfigurationPlatforms) = postSolution
		{731D5769-B713-4677-BE24-2036DDB7864D}.Debug|Any CPU.ActiveCfg = Debug|x86
		{731D5769-B713-4677-BE24-2036DDB7864D}.Debug|ARM.ActiveCfg = Debug|ARM
		{731D5769-B713-4677-BE24-2036DDB7864D}.Debug|ARM.Build.0 = Debug|ARM
		{731D5769-B713-4677-BE24-2036DDB7864D}.Debug|ARM.Deploy.0 = Debug|ARM
		{731D5769-B713-4677-BE24-2036DDB7864D}.Debug|x64.ActiveCfg = Debug|x64
		{731D5769-B713-4677-BE24-2036DDB7864D}.Debug|x64.Build.0 = Debug|x64
		{731D5769-B713-4677-BE24-2036DDB7864D}.Debug|x64.Deploy.0 = Debug|x64
		{731D5769-B713-4677-BE24-2036DDB7864D}.Debug|x86.ActiveCfg = Debug|x86
		{731D5769-B713-4677-BE24-2036DDB7864D}.Debug|x86.Build.0 = Debug|x86
		{731D5769-B713-4677-BE24-2036DDB7864D}.Debug|x86.Deploy.0 = Debug|x86
		{731D5769-B713-4677-BE24-2036DDB7864D}.Release|Any CPU.ActiveCfg = Release|x86
		{731D5769-B713-4677-BE24-2036DDB7864D}.Release|ARM.ActiveCfg = Release|ARM
		{731D5769-B713-4677-BE24-2036DDB7864D}.Release|ARM.Build.0 = Release|ARM
		{731D5769-B713-4677-BE24-2036DDB7864D}.Release|ARM.Deploy.0 = Release|ARM
		{731D5769-B713-4677-BE24-2036DDB7864D}.Release|x64.ActiveCfg = Release|x64
		{731D5769-B713-4677-BE24-2036DDB7864D}.Release|x64.Build.0 = Release|x64
		{731D5769-B713-4677-BE24-2036DDB7864D}.Release|x64.Deploy.0 = Release|x64
		{731D5769-B713-4677-BE24-2036DDB7864D}.Release|x86.ActiveCfg = Release|x86
		{731D5769-B713-4677-BE24-2036DDB7864D}.Release|x86.Build.0 = Release|x86
		{731D5769-B713-4677-BE24-2036DDB7864D}.Release|x86.Deploy.0 = Release|x86
		{D0D7FE40-2001-48FD-B8E9-3633EB7A0E9D}.Debug|Any CPU.ActiveCfg = Debug|Any CPU
		{D0D7FE40-2001-48FD-B8E9-3633EB7A0E9D}.Debug|Any CPU.Build.0 = Debug|Any CPU
		{D0D7FE40-2001-48FD-B8E9-3633EB7A0E9D}.Debug|ARM.ActiveCfg = Debug|ARM
		{D0D7FE40-2001-48FD-B8E9-3633EB7A0E9D}.Debug|ARM.Build.0 = Debug|ARM
		{D0D7FE40-2001-48FD-B8E9-3633EB7A0E9D}.Debug|x64.ActiveCfg = Debug|x64
		{D0D7FE40-2001-48FD-B8E9-3633EB7A0E9D}.Debug|x64.Build.0 = Debug|x64
		{D0D7FE40-2001-48FD-B8E9-3633EB7A0E9D}.Debug|x86.ActiveCfg = Debug|x86
		{D0D7FE40-2001-48FD-B8E9-3633EB7A0E9D}.Debug|x86.Build.0 = Debug|x86
		{D0D7FE40-2001-48FD-B8E9-3633EB7A0E9D}.Release|Any CPU.ActiveCfg = Release|Any CPU
		{D0D7FE40-2001-48FD-B8E9-3633EB7A0E9D}.Release|Any CPU.Build.0 = Release|Any CPU
		{D0D7FE40-2001-48FD-B8E9-3633EB7A0E9D}.Release|ARM.ActiveCfg = Release|ARM
		{D0D7FE40-2001-48FD-B8E9-3633EB7A0E9D}.Release|ARM.Build.0 = Release|ARM
		{D0D7FE40-2001-48FD-B8E9-3633EB7A0E9D}.Release|x64.ActiveCfg = Release|x64
		{D0D7FE40-2001-48FD-B8E9-3633EB7A0E9D}.Release|x64.Build.0 = Release|x64
		{D0D7FE40-2001-48FD-B8E9-3633EB7A0E9D}.Release|x86.ActiveCfg = Release|x86
		{D0D7FE40-2001-48FD-B8E9-3633EB7A0E9D}.Release|x86.Build.0 = Release|x86
		{4751E3EC-979D-44D6-BEFE-660FDAF0A8CE}.Debug|Any CPU.ActiveCfg = Debug|Any CPU
		{4751E3EC-979D-44D6-BEFE-660FDAF0A8CE}.Debug|Any CPU.Build.0 = Debug|Any CPU
		{4751E3EC-979D-44D6-BEFE-660FDAF0A8CE}.Debug|ARM.ActiveCfg = Debug|ARM
		{4751E3EC-979D-44D6-BEFE-660FDAF0A8CE}.Debug|ARM.Build.0 = Debug|ARM
		{4751E3EC-979D-44D6-BEFE-660FDAF0A8CE}.Debug|x64.ActiveCfg = Debug|x64
		{4751E3EC-979D-44D6-BEFE-660FDAF0A8CE}.Debug|x64.Build.0 = Debug|x64
		{4751E3EC-979D-44D6-BEFE-660FDAF0A8CE}.Debug|x86.ActiveCfg = Debug|x86
		{4751E3EC-979D-44D6-BEFE-660FDAF0A8CE}.Debug|x86.Build.0 = Debug|x86
		{4751E3EC-979D-44D6-BEFE-660FDAF0A8CE}.Release|Any CPU.ActiveCfg = Release|Any CPU
		{4751E3EC-979D-44D6-BEFE-660FDAF0A8CE}.Release|Any CPU.Build.0 = Release|Any CPU
		{4751E3EC-979D-44D6-BEFE-660FDAF0A8CE}.Release|ARM.ActiveCfg = Release|ARM
		{4751E3EC-979D-44D6-BEFE-660FDAF0A8CE}.Release|ARM.Build.0 = Release|ARM
		{4751E3EC-979D-44D6-BEFE-660FDAF0A8CE}.Release|x64.ActiveCfg = Release|x64
		{4751E3EC-979D-44D6-BEFE-660FDAF0A8CE}.Release|x64.Build.0 = Release|x64
		{4751E3EC-979D-44D6-BEFE-660FDAF0A8CE}.Release|x86.ActiveCfg = Release|x86
		{4751E3EC-979D-44D6-BEFE-660FDAF0A8CE}.Release|x86.Build.0 = Release|x86
	EndGlobalSection
	GlobalSection(SolutionProperties) = preSolution
		HideSolutionNode = FALSE
	EndGlobalSection
EndGlobal
